
Microsoft Visual Studio Solution File, Format Version 12.00
# Visual Studio Version 16
VisualStudioVersion = 16.0.31410.357
MinimumVisualStudioVersion = 10.0.40219.1
Project("{FAE04EC0-301F-11D3-BF4B-00C04F79EFBC}") = "EcisApi", "EcisApi\EcisApi.csproj", "{15E89613-6B19-40E7-980F-19D4C1B4A7B2}"
EndProject
Global
	GlobalSection(SolutionConfigurationPlatforms) = preSolution
		Debug|Any CPU = Debug|Any CPU
		Release|Any CPU = Release|Any CPU
	EndGlobalSection
	GlobalSection(ProjectConfigurationPlatforms) = postSolution
		{15E89613-6B19-40E7-980F-19D4C1B4A7B2}.Debug|Any CPU.ActiveCfg = Debug|Any CPU
		{15E89613-6B19-40E7-980F-19D4C1B4A7B2}.Debug|Any CPU.Build.0 = Debug|Any CPU
		{15E89613-6B19-40E7-980F-19D4C1B4A7B2}.Release|Any CPU.ActiveCfg = Release|Any CPU
		{15E89613-6B19-40E7-980F-19D4C1B4A7B2}.Release|Any CPU.Build.0 = Release|Any CPU
	EndGlobalSection
	GlobalSection(SolutionProperties) = preSolution
		HideSolutionNode = FALSE
	EndGlobalSection
	GlobalSection(ExtensibilityGlobals) = postSolution
		SolutionGuid = {6021CCB5-A88D-4470-A89B-BFD662D95867}
	EndGlobalSection
EndGlobal
