
Microsoft Visual Studio Solution File, Format Version 12.00
# Visual Studio Version 16
VisualStudioVersion = 16.0.31410.357
MinimumVisualStudioVersion = 10.0.40219.1
Project("{9A19103F-16F7-4668-BE54-9A1E7A4F7556}") = "EcisApi", "EcisApi\EcisApi.csproj", "{15E89613-6B19-40E7-980F-19D4C1B4A7B2}"
EndProject
Project("{2150E333-8FDC-42A3-9474-1A3956D46DE8}") = "configs", "configs", "{FE8AEA99-CE78-41E3-9DA0-D1C2BE1FBECC}"
EndProject
Project("{2150E333-8FDC-42A3-9474-1A3956D46DE8}") = "nginx", "nginx", "{B97A5540-E601-486C-B4E5-F6C5D57B9AA6}"
	ProjectSection(SolutionItems) = preProject
		configs\nginx\Dockerfile = configs\nginx\Dockerfile
		configs\nginx\nginx.conf = configs\nginx\nginx.conf
	EndProjectSection
EndProject
Project("{2150E333-8FDC-42A3-9474-1A3956D46DE8}") = "mssql", "mssql", "{D82BD201-15F2-40BD-96D2-A756309DDBF3}"
EndProject
Project("{E53339B2-1760-4266-BCC7-CA923CBCF16C}") = "docker-compose", "docker-compose.dcproj", "{F995CD19-1B71-45B5-AD71-44FF5B13C216}"
EndProject
Global
	GlobalSection(SolutionConfigurationPlatforms) = preSolution
		Debug|Any CPU = Debug|Any CPU
		Release|Any CPU = Release|Any CPU
	EndGlobalSection
	GlobalSection(ProjectConfigurationPlatforms) = postSolution
		{15E89613-6B19-40E7-980F-19D4C1B4A7B2}.Debug|Any CPU.ActiveCfg = Debug|Any CPU
		{15E89613-6B19-40E7-980F-19D4C1B4A7B2}.Debug|Any CPU.Build.0 = Debug|Any CPU
		{15E89613-6B19-40E7-980F-19D4C1B4A7B2}.Release|Any CPU.ActiveCfg = Release|Any CPU
		{15E89613-6B19-40E7-980F-19D4C1B4A7B2}.Release|Any CPU.Build.0 = Release|Any CPU
		{F995CD19-1B71-45B5-AD71-44FF5B13C216}.Debug|Any CPU.ActiveCfg = Debug|Any CPU
		{F995CD19-1B71-45B5-AD71-44FF5B13C216}.Debug|Any CPU.Build.0 = Debug|Any CPU
		{F995CD19-1B71-45B5-AD71-44FF5B13C216}.Release|Any CPU.ActiveCfg = Release|Any CPU
		{F995CD19-1B71-45B5-AD71-44FF5B13C216}.Release|Any CPU.Build.0 = Release|Any CPU
	EndGlobalSection
	GlobalSection(SolutionProperties) = preSolution
		HideSolutionNode = FALSE
	EndGlobalSection
	GlobalSection(NestedProjects) = preSolution
		{B97A5540-E601-486C-B4E5-F6C5D57B9AA6} = {FE8AEA99-CE78-41E3-9DA0-D1C2BE1FBECC}
		{D82BD201-15F2-40BD-96D2-A756309DDBF3} = {FE8AEA99-CE78-41E3-9DA0-D1C2BE1FBECC}
	EndGlobalSection
	GlobalSection(ExtensibilityGlobals) = postSolution
		SolutionGuid = {6021CCB5-A88D-4470-A89B-BFD662D95867}
	EndGlobalSection
EndGlobal
